{
  "version": "4",
  "specifiers": {
    "jsr:@openbible/bsb@0.1.38": "0.1.38",
    "jsr:@openbible/core@0.1.20": "0.1.20",
    "jsr:@openbible/core@~0.1.19": "0.1.20",
    "npm:@deno/vite-plugin@1": "1.0.0_vite@5.4.10",
    "npm:create-vite-extra@latest": "2.4.1",
    "npm:filesize@^10.1.6": "10.1.6",
    "npm:html5parser@^2.0.2": "2.0.2",
    "npm:magic-string@~0.30.12": "0.30.12",
    "npm:markdown-table@^3.0.4": "3.0.4",
    "npm:prosemirror-commands@^1.6.2": "1.6.2",
    "npm:prosemirror-history@^1.4.1": "1.4.1",
    "npm:prosemirror-keymap@^1.2.2": "1.2.2",
    "npm:prosemirror-model@*": "1.23.0",
    "npm:prosemirror-model@^1.23.0": "1.23.0",
    "npm:prosemirror-state@^1.4.3": "1.4.3",
    "npm:prosemirror-view@^1.35.0": "1.35.0",
    "npm:rolldown@0.14": "0.14.0",
    "npm:rollup-plugin-svelte@*": "7.2.2_rollup@4.24.0_svelte@5.1.9__acorn@8.14.0",
    "npm:rollup-plugin-svelte@^7.2.2": "7.2.2_rollup@4.24.0_svelte@5.1.9__acorn@8.14.0",
    "npm:svelte@^5.1.9": "5.1.9_acorn@8.14.0",
    "npm:tinro@~0.6.12": "0.6.12",
    "npm:tinybase@^5.3.5": "5.3.5",
    "npm:vite@*": "5.4.10"
  },
  "jsr": {
    "@openbible/bsb@0.1.38": {
      "integrity": "b480015516b3ce72290b2694e27f9ecfa713f11c3a93dcb989333f405a7b31a6",
      "dependencies": [
        "jsr:@openbible/core@0.1.20"
      ]
    },
    "@openbible/core@0.1.19": {
      "integrity": "3fa56a7e8808dc3af7dfa5d0de103beca1040da6ca86bb587b931aa3e04aebfe"
    },
    "@openbible/core@0.1.20": {
      "integrity": "5441d77744bea757e58d823a9bfde0fb0247762d19891638274525fc61f9a550"
    }
  },
  "npm": {
    "@ampproject/remapping@2.3.0": {
      "integrity": "sha512-30iZtAPgz+LTIYoeivqYo853f02jBYSd5uGnGpkFV0M3xOt9aN73erkgYAmZU43x4VfqcnLxW9Kpg3R5LC4YYw==",
      "dependencies": [
        "@jridgewell/gen-mapping",
        "@jridgewell/trace-mapping"
      ]
    },
    "@deno/vite-plugin@1.0.0_vite@5.4.10": {
      "integrity": "sha512-Q9UeWqs3s7B5lqzu1Z5QrzYAzqTj3+F9YW17tWobGRbT2G40ihwis6zK/+QgMgcG4fm3IqdIfXmpQYhkZpdMfw==",
      "dependencies": [
        "vite"
      ]
    },
    "@emnapi/core@1.3.1": {
      "integrity": "sha512-pVGjBIt1Y6gg3EJN8jTcfpP/+uuRksIo055oE/OBkDNcjZqVbfkWCksG1Jp4yZnj3iKWyWX8fdG/j6UDYPbFog==",
      "dependencies": [
        "@emnapi/wasi-threads",
        "tslib"
      ]
    },
    "@emnapi/runtime@1.3.1": {
      "integrity": "sha512-kEBmG8KyqtxJZv+ygbEim+KCGtIq1fC22Ms3S4ziXmYKm8uyoLX0MHONVKwp+9opg390VaKRNt4a7A9NwmpNhw==",
      "dependencies": [
        "tslib"
      ]
    },
    "@emnapi/wasi-threads@1.0.1": {
      "integrity": "sha512-iIBu7mwkq4UQGeMEM8bLwNK962nXdhodeScX4slfQnRhEMMzvYivHhutCIk8uojvmASXXPC2WNEjwxFWk72Oqw==",
      "dependencies": [
        "tslib"
      ]
    },
    "@esbuild/aix-ppc64@0.21.5": {
      "integrity": "sha512-1SDgH6ZSPTlggy1yI6+Dbkiz8xzpHJEVAlF/AM1tHPLsf5STom9rwtjE4hKAF20FfXXNTFqEYXyJNWh1GiZedQ=="
    },
    "@esbuild/android-arm64@0.21.5": {
      "integrity": "sha512-c0uX9VAUBQ7dTDCjq+wdyGLowMdtR/GoC2U5IYk/7D1H1JYC0qseD7+11iMP2mRLN9RcCMRcjC4YMclCzGwS/A=="
    },
    "@esbuild/android-arm@0.21.5": {
      "integrity": "sha512-vCPvzSjpPHEi1siZdlvAlsPxXl7WbOVUBBAowWug4rJHb68Ox8KualB+1ocNvT5fjv6wpkX6o/iEpbDrf68zcg=="
    },
    "@esbuild/android-x64@0.21.5": {
      "integrity": "sha512-D7aPRUUNHRBwHxzxRvp856rjUHRFW1SdQATKXH2hqA0kAZb1hKmi02OpYRacl0TxIGz/ZmXWlbZgjwWYaCakTA=="
    },
    "@esbuild/darwin-arm64@0.21.5": {
      "integrity": "sha512-DwqXqZyuk5AiWWf3UfLiRDJ5EDd49zg6O9wclZ7kUMv2WRFr4HKjXp/5t8JZ11QbQfUS6/cRCKGwYhtNAY88kQ=="
    },
    "@esbuild/darwin-x64@0.21.5": {
      "integrity": "sha512-se/JjF8NlmKVG4kNIuyWMV/22ZaerB+qaSi5MdrXtd6R08kvs2qCN4C09miupktDitvh8jRFflwGFBQcxZRjbw=="
    },
    "@esbuild/freebsd-arm64@0.21.5": {
      "integrity": "sha512-5JcRxxRDUJLX8JXp/wcBCy3pENnCgBR9bN6JsY4OmhfUtIHe3ZW0mawA7+RDAcMLrMIZaf03NlQiX9DGyB8h4g=="
    },
    "@esbuild/freebsd-x64@0.21.5": {
      "integrity": "sha512-J95kNBj1zkbMXtHVH29bBriQygMXqoVQOQYA+ISs0/2l3T9/kj42ow2mpqerRBxDJnmkUDCaQT/dfNXWX/ZZCQ=="
    },
    "@esbuild/linux-arm64@0.21.5": {
      "integrity": "sha512-ibKvmyYzKsBeX8d8I7MH/TMfWDXBF3db4qM6sy+7re0YXya+K1cem3on9XgdT2EQGMu4hQyZhan7TeQ8XkGp4Q=="
    },
    "@esbuild/linux-arm@0.21.5": {
      "integrity": "sha512-bPb5AHZtbeNGjCKVZ9UGqGwo8EUu4cLq68E95A53KlxAPRmUyYv2D6F0uUI65XisGOL1hBP5mTronbgo+0bFcA=="
    },
    "@esbuild/linux-ia32@0.21.5": {
      "integrity": "sha512-YvjXDqLRqPDl2dvRODYmmhz4rPeVKYvppfGYKSNGdyZkA01046pLWyRKKI3ax8fbJoK5QbxblURkwK/MWY18Tg=="
    },
    "@esbuild/linux-loong64@0.21.5": {
      "integrity": "sha512-uHf1BmMG8qEvzdrzAqg2SIG/02+4/DHB6a9Kbya0XDvwDEKCoC8ZRWI5JJvNdUjtciBGFQ5PuBlpEOXQj+JQSg=="
    },
    "@esbuild/linux-mips64el@0.21.5": {
      "integrity": "sha512-IajOmO+KJK23bj52dFSNCMsz1QP1DqM6cwLUv3W1QwyxkyIWecfafnI555fvSGqEKwjMXVLokcV5ygHW5b3Jbg=="
    },
    "@esbuild/linux-ppc64@0.21.5": {
      "integrity": "sha512-1hHV/Z4OEfMwpLO8rp7CvlhBDnjsC3CttJXIhBi+5Aj5r+MBvy4egg7wCbe//hSsT+RvDAG7s81tAvpL2XAE4w=="
    },
    "@esbuild/linux-riscv64@0.21.5": {
      "integrity": "sha512-2HdXDMd9GMgTGrPWnJzP2ALSokE/0O5HhTUvWIbD3YdjME8JwvSCnNGBnTThKGEB91OZhzrJ4qIIxk/SBmyDDA=="
    },
    "@esbuild/linux-s390x@0.21.5": {
      "integrity": "sha512-zus5sxzqBJD3eXxwvjN1yQkRepANgxE9lgOW2qLnmr8ikMTphkjgXu1HR01K4FJg8h1kEEDAqDcZQtbrRnB41A=="
    },
    "@esbuild/linux-x64@0.21.5": {
      "integrity": "sha512-1rYdTpyv03iycF1+BhzrzQJCdOuAOtaqHTWJZCWvijKD2N5Xu0TtVC8/+1faWqcP9iBCWOmjmhoH94dH82BxPQ=="
    },
    "@esbuild/netbsd-x64@0.21.5": {
      "integrity": "sha512-Woi2MXzXjMULccIwMnLciyZH4nCIMpWQAs049KEeMvOcNADVxo0UBIQPfSmxB3CWKedngg7sWZdLvLczpe0tLg=="
    },
    "@esbuild/openbsd-x64@0.21.5": {
      "integrity": "sha512-HLNNw99xsvx12lFBUwoT8EVCsSvRNDVxNpjZ7bPn947b8gJPzeHWyNVhFsaerc0n3TsbOINvRP2byTZ5LKezow=="
    },
    "@esbuild/sunos-x64@0.21.5": {
      "integrity": "sha512-6+gjmFpfy0BHU5Tpptkuh8+uw3mnrvgs+dSPQXQOv3ekbordwnzTVEb4qnIvQcYXq6gzkyTnoZ9dZG+D4garKg=="
    },
    "@esbuild/win32-arm64@0.21.5": {
      "integrity": "sha512-Z0gOTd75VvXqyq7nsl93zwahcTROgqvuAcYDUr+vOv8uHhNSKROyU961kgtCD1e95IqPKSQKH7tBTslnS3tA8A=="
    },
    "@esbuild/win32-ia32@0.21.5": {
      "integrity": "sha512-SWXFF1CL2RVNMaVs+BBClwtfZSvDgtL//G/smwAc5oVK/UPu2Gu9tIaRgFmYFFKrmg3SyAjSrElf0TiJ1v8fYA=="
    },
    "@esbuild/win32-x64@0.21.5": {
      "integrity": "sha512-tQd/1efJuzPC6rCFwEvLtci/xNFcTZknmXs98FYDfGE4wP9ClFV98nyKrzJKVPMhdDnjzLhdUyMX4PsQAPjwIw=="
    },
    "@jridgewell/gen-mapping@0.3.5": {
      "integrity": "sha512-IzL8ZoEDIBRWEzlCcRhOaCupYyN5gdIK+Q6fbFdPDg6HqX6jpkItn7DFIpW9LQzXG6Df9sA7+OKnq0qlz/GaQg==",
      "dependencies": [
        "@jridgewell/set-array",
        "@jridgewell/sourcemap-codec",
        "@jridgewell/trace-mapping"
      ]
    },
    "@jridgewell/resolve-uri@3.1.2": {
      "integrity": "sha512-bRISgCIjP20/tbWSPWMEi54QVPRZExkuD9lJL+UIxUKtwVJA8wW1Trb1jMs1RFXo1CBTNZ/5hpC9QvmKWdopKw=="
    },
    "@jridgewell/set-array@1.2.1": {
      "integrity": "sha512-R8gLRTZeyp03ymzP/6Lil/28tGeGEzhx1q2k703KGWRAI1VdvPIXdG70VJc2pAMw3NA6JKL5hhFu1sJX0Mnn/A=="
    },
    "@jridgewell/sourcemap-codec@1.5.0": {
      "integrity": "sha512-gv3ZRaISU3fjPAgNsriBRqGWQL6quFx04YMPW/zD8XMLsU32mhCCbfbO6KZFLjvYpCZ8zyDEgqsgf+PwPaM7GQ=="
    },
    "@jridgewell/trace-mapping@0.3.25": {
      "integrity": "sha512-vNk6aEwybGtawWmy/PzwnGDOjCkLWSD2wqvjGGAgOAwCGWySYXfYoxt00IJkTF+8Lb57DwOb3Aa0o9CApepiYQ==",
      "dependencies": [
        "@jridgewell/resolve-uri",
        "@jridgewell/sourcemap-codec"
      ]
    },
    "@napi-rs/wasm-runtime@0.2.5": {
      "integrity": "sha512-kwUxR7J9WLutBbulqg1dfOrMTwhMdXLdcGUhcbCcGwnPLt3gz19uHVdwH1syKVDbE022ZS2vZxOWflFLS0YTjw==",
      "dependencies": [
        "@emnapi/core",
        "@emnapi/runtime",
        "@tybys/wasm-util"
      ]
    },
    "@rolldown/binding-darwin-arm64@0.14.0": {
      "integrity": "sha512-0GneNB1lW+k6VyBeKZAAyjoJ27r+gCDV+xI56aifQteaHAhFb0q8etJE5KpOOt65Hz0xXVjENilDKS+ibn1lcA=="
    },
    "@rolldown/binding-darwin-x64@0.14.0": {
      "integrity": "sha512-MG+pbDhufD2Fkua7J32XAkK6OoHzS/P1KFwDv+J7YvD6KZ/vEz8GklXtM4Woby+rbvbNmgoT4MV1BtHENONr3A=="
    },
    "@rolldown/binding-freebsd-x64@0.14.0": {
      "integrity": "sha512-ojbJdM8f6+099WfFL/ggQ0F5o2/lHypQBj7WgIPL2Iqr3KleRVN57YTZPu0SJ/bK0OWrx2ZaWBLb6WpDsIx2zg=="
    },
    "@rolldown/binding-linux-arm-gnueabihf@0.14.0": {
      "integrity": "sha512-cI8UBQDS6xFWg6Pe5gPXZYXskt2BQ4nVEoGGaHZsav8PWC31cEZhSkUj814anbmGoi7wl23/T2gNuCNysdWHxg=="
    },
    "@rolldown/binding-linux-arm64-gnu@0.14.0": {
      "integrity": "sha512-vA2ewz6nun7mkW4lMwO3TzCuUi3mpcAo3xXhAwmIPT6yz7+ofJGLkq3N7oYfJQhH9ktHSEPA8JzPHvZ1ozAfgA=="
    },
    "@rolldown/binding-linux-arm64-musl@0.14.0": {
      "integrity": "sha512-uEoG+tzi0JqCVhuWmaOLR7hjuyDQ+a9OudYDeArkeAD2tY8fNyd9gAOfjzyYhgBcYvOLCo+4w2C3GnoSKy88FA=="
    },
    "@rolldown/binding-linux-x64-gnu@0.14.0": {
      "integrity": "sha512-WSeo4JfiXCTRJDT5VG5Ohp3nhZittMrRA42wZjcHRajsuG7YsikmkSbTI88TXVjMSdXJBQK1zsBVOIpYfzKltQ=="
    },
    "@rolldown/binding-linux-x64-musl@0.14.0": {
      "integrity": "sha512-gR9Xz+k2E5Xjd/6d+109Jpdwtaepa4Y0UvAA1hwMBM7LsDR0tMpryRYJlrKqaFvhFyzMfd45HunrX4dttQV5hQ=="
    },
    "@rolldown/binding-wasm32-wasi@0.14.0": {
      "integrity": "sha512-5tEWnRnWlxgn45Z/LGL0Ds/gZ/B8dY84PfKNq6S1elweLGgjlhDSRbNaZiX/umvELa9e1dbYNPCFZiEhHSUvkQ==",
      "dependencies": [
        "@napi-rs/wasm-runtime"
      ]
    },
    "@rolldown/binding-win32-arm64-msvc@0.14.0": {
      "integrity": "sha512-VIdWQkE0vvaORRy0NXW+z+IuqTZ96/FbVKVFKlsOMcrhBOibzvy8LobKaxUIOPJ/WzPEyrmhnMRHJpWbtaPJmw=="
    },
    "@rolldown/binding-win32-ia32-msvc@0.14.0": {
      "integrity": "sha512-0nOHZhjcX93FiY6SLk0iMTqFf3wzRXYsneGstfIlkob8tEncukMdS+iv9JfG9k15e5fRYcwfHu8wW55qmLYj/w=="
    },
    "@rolldown/binding-win32-x64-msvc@0.14.0": {
      "integrity": "sha512-RKNpJKIG5J6dgR/0IpxHmZkYYnHJE8vDm3qL8Zq9EY7kxOsCNZbrj5leU7qbibqfHHR+9Ij4vhTL1YuLz/ch5Q=="
    },
    "@rollup/pluginutils@4.2.1": {
      "integrity": "sha512-iKnFXr7NkdZAIHiIWE+BX5ULi/ucVFYWD6TbAV+rZctiRTY2PL6tsIKhoIOaoskiWAkgu+VsbXgUVDNLHf+InQ==",
      "dependencies": [
        "estree-walker",
        "picomatch"
      ]
    },
    "@rollup/rollup-android-arm-eabi@4.24.0": {
      "integrity": "sha512-Q6HJd7Y6xdB48x8ZNVDOqsbh2uByBhgK8PiQgPhwkIw/HC/YX5Ghq2mQY5sRMZWHb3VsFkWooUVOZHKr7DmDIA=="
    },
    "@rollup/rollup-android-arm64@4.24.0": {
      "integrity": "sha512-ijLnS1qFId8xhKjT81uBHuuJp2lU4x2yxa4ctFPtG+MqEE6+C5f/+X/bStmxapgmwLwiL3ih122xv8kVARNAZA=="
    },
    "@rollup/rollup-darwin-arm64@4.24.0": {
      "integrity": "sha512-bIv+X9xeSs1XCk6DVvkO+S/z8/2AMt/2lMqdQbMrmVpgFvXlmde9mLcbQpztXm1tajC3raFDqegsH18HQPMYtA=="
    },
    "@rollup/rollup-darwin-x64@4.24.0": {
      "integrity": "sha512-X6/nOwoFN7RT2svEQWUsW/5C/fYMBe4fnLK9DQk4SX4mgVBiTA9h64kjUYPvGQ0F/9xwJ5U5UfTbl6BEjaQdBQ=="
    },
    "@rollup/rollup-linux-arm-gnueabihf@4.24.0": {
      "integrity": "sha512-0KXvIJQMOImLCVCz9uvvdPgfyWo93aHHp8ui3FrtOP57svqrF/roSSR5pjqL2hcMp0ljeGlU4q9o/rQaAQ3AYA=="
    },
    "@rollup/rollup-linux-arm-musleabihf@4.24.0": {
      "integrity": "sha512-it2BW6kKFVh8xk/BnHfakEeoLPv8STIISekpoF+nBgWM4d55CZKc7T4Dx1pEbTnYm/xEKMgy1MNtYuoA8RFIWw=="
    },
    "@rollup/rollup-linux-arm64-gnu@4.24.0": {
      "integrity": "sha512-i0xTLXjqap2eRfulFVlSnM5dEbTVque/3Pi4g2y7cxrs7+a9De42z4XxKLYJ7+OhE3IgxvfQM7vQc43bwTgPwA=="
    },
    "@rollup/rollup-linux-arm64-musl@4.24.0": {
      "integrity": "sha512-9E6MKUJhDuDh604Qco5yP/3qn3y7SLXYuiC0Rpr89aMScS2UAmK1wHP2b7KAa1nSjWJc/f/Lc0Wl1L47qjiyQw=="
    },
    "@rollup/rollup-linux-powerpc64le-gnu@4.24.0": {
      "integrity": "sha512-2XFFPJ2XMEiF5Zi2EBf4h73oR1V/lycirxZxHZNc93SqDN/IWhYYSYj8I9381ikUFXZrz2v7r2tOVk2NBwxrWw=="
    },
    "@rollup/rollup-linux-riscv64-gnu@4.24.0": {
      "integrity": "sha512-M3Dg4hlwuntUCdzU7KjYqbbd+BLq3JMAOhCKdBE3TcMGMZbKkDdJ5ivNdehOssMCIokNHFOsv7DO4rlEOfyKpg=="
    },
    "@rollup/rollup-linux-s390x-gnu@4.24.0": {
      "integrity": "sha512-mjBaoo4ocxJppTorZVKWFpy1bfFj9FeCMJqzlMQGjpNPY9JwQi7OuS1axzNIk0nMX6jSgy6ZURDZ2w0QW6D56g=="
    },
    "@rollup/rollup-linux-x64-gnu@4.24.0": {
      "integrity": "sha512-ZXFk7M72R0YYFN5q13niV0B7G8/5dcQ9JDp8keJSfr3GoZeXEoMHP/HlvqROA3OMbMdfr19IjCeNAnPUG93b6A=="
    },
    "@rollup/rollup-linux-x64-musl@4.24.0": {
      "integrity": "sha512-w1i+L7kAXZNdYl+vFvzSZy8Y1arS7vMgIy8wusXJzRrPyof5LAb02KGr1PD2EkRcl73kHulIID0M501lN+vobQ=="
    },
    "@rollup/rollup-win32-arm64-msvc@4.24.0": {
      "integrity": "sha512-VXBrnPWgBpVDCVY6XF3LEW0pOU51KbaHhccHw6AS6vBWIC60eqsH19DAeeObl+g8nKAz04QFdl/Cefta0xQtUQ=="
    },
    "@rollup/rollup-win32-ia32-msvc@4.24.0": {
      "integrity": "sha512-xrNcGDU0OxVcPTH/8n/ShH4UevZxKIO6HJFK0e15XItZP2UcaiLFd5kiX7hJnqCbSztUF8Qot+JWBC/QXRPYWQ=="
    },
    "@rollup/rollup-win32-x64-msvc@4.24.0": {
      "integrity": "sha512-fbMkAF7fufku0N2dE5TBXcNlg0pt0cJue4xBRE2Qc5Vqikxr4VCgKj/ht6SMdFcOacVA9rqF70APJ8RN/4vMJw=="
    },
    "@tybys/wasm-util@0.9.0": {
      "integrity": "sha512-6+7nlbMVX/PVDCwaIQ8nTOPveOcFLSt8GcXdx8hD0bt39uWxYT88uXzqTd4fTvqta7oeUJqudepapKNt2DYJFw==",
      "dependencies": [
        "tslib"
      ]
    },
    "@types/estree@1.0.6": {
      "integrity": "sha512-AYnb1nQyY49te+VRAVgmzfcgjYS91mY5P0TKUDCLEM+gNnA+3T6rWITXRLYCpahpqSQbN5cE+gHpnPyXjHWxcw=="
    },
    "acorn-typescript@1.4.13_acorn@8.14.0": {
      "integrity": "sha512-xsc9Xv0xlVfwp2o7sQ+GCQ1PgbkdcpWdTzrwXxO3xDMTAywVS3oXVOcOHuRjAPkS4P9b+yc/qNF15460v+jp4Q==",
      "dependencies": [
        "acorn"
      ]
    },
    "acorn@8.14.0": {
      "integrity": "sha512-cl669nCJTZBsL97OF4kUQm5g5hC2uihk0NxY3WENAC0TYdILVkAyHymAntgxGkl7K+t0cXIrH5siy5S4XkFycA=="
    },
    "aria-query@5.3.2": {
      "integrity": "sha512-COROpnaoap1E2F000S62r6A60uHZnmlvomhfyT2DlTcrY1OrBKn2UhH7qn5wTC9zMvD0AY7csdPSNwKP+7WiQw=="
    },
    "axobject-query@4.1.0": {
      "integrity": "sha512-qIj0G9wZbMGNLjLmg1PT6v2mE9AH2zlnADJD/2tC6E00hgmhUOfEB6greHPAfLRSufHqROIUTkw6E+M3lH0PTQ=="
    },
    "create-vite-extra@2.4.1": {
      "integrity": "sha512-E6ZfVShrLGUlSsOVwFd5navPF8oeQfxTzyaPnjY3CCfsGVzS3OhCk1V88Yq/fpgtISBLrDI9wfoWMjSjfj/eqA==",
      "dependencies": [
        "minimist",
        "picocolors",
        "prompts"
      ]
    },
    "esbuild@0.21.5": {
      "integrity": "sha512-mg3OPMV4hXywwpoDxu3Qda5xCKQi+vCTZq8S9J/EpkhB2HzKXq4SNFZE3+NK93JYxc8VMSep+lOUSC/RVKaBqw==",
      "dependencies": [
        "@esbuild/aix-ppc64",
        "@esbuild/android-arm",
        "@esbuild/android-arm64",
        "@esbuild/android-x64",
        "@esbuild/darwin-arm64",
        "@esbuild/darwin-x64",
        "@esbuild/freebsd-arm64",
        "@esbuild/freebsd-x64",
        "@esbuild/linux-arm",
        "@esbuild/linux-arm64",
        "@esbuild/linux-ia32",
        "@esbuild/linux-loong64",
        "@esbuild/linux-mips64el",
        "@esbuild/linux-ppc64",
        "@esbuild/linux-riscv64",
        "@esbuild/linux-s390x",
        "@esbuild/linux-x64",
        "@esbuild/netbsd-x64",
        "@esbuild/openbsd-x64",
        "@esbuild/sunos-x64",
        "@esbuild/win32-arm64",
        "@esbuild/win32-ia32",
        "@esbuild/win32-x64"
      ]
    },
    "esm-env@1.1.4": {
      "integrity": "sha512-oO82nKPHKkzIj/hbtuDYy/JHqBHFlMIW36SDiPCVsj87ntDLcWN+sJ1erdVryd4NxODacFTsdrIE3b7IamqbOg=="
    },
    "esrap@1.2.2": {
      "integrity": "sha512-F2pSJklxx1BlQIQgooczXCPHmcWpn6EsP5oo73LQfonG9fIlIENQ8vMmfGXeojP9MrkzUNAfyU5vdFlR9shHAw==",
      "dependencies": [
        "@jridgewell/sourcemap-codec",
        "@types/estree"
      ]
    },
    "estree-walker@2.0.2": {
      "integrity": "sha512-Rfkk/Mp/DL7JVje3u18FxFujQlTNR2q6QfMSMB7AvCBx91NGj/ba3kCfza0f6dVDbw7YlRf/nDrn7pQrCCyQ/w=="
    },
    "filesize@10.1.6": {
      "integrity": "sha512-sJslQKU2uM33qH5nqewAwVB2QgR6w1aMNsYUp3aN5rMRyXEwJGmZvaWzeJFNTOXWlHQyBFCWrdj3fV/fsTOX8w=="
    },
    "fsevents@2.3.3": {
      "integrity": "sha512-5xoDfX+fL7faATnagmWPpbFtwh/R77WmMMqqHGS65C3vvB0YHrgF+B1YmZ3441tMj5n63k0212XNoJwzlhffQw=="
    },
    "html5parser@2.0.2": {
      "integrity": "sha512-L0y+IdTVxHsovmye8MBtFgBvWZnq1C9WnI/SmJszxoQjmUH1psX2uzDk21O5k5et6udxdGjwxkbmT9eVRoG05w==",
      "dependencies": [
        "tslib"
      ]
    },
    "is-reference@3.0.2": {
      "integrity": "sha512-v3rht/LgVcsdZa3O2Nqs+NMowLOxeOm7Ay9+/ARQ2F+qEoANRcqrjAZKGN0v8ymUetZGgkp26LTnGT7H0Qo9Pg==",
      "dependencies": [
        "@types/estree"
      ]
    },
    "kleur@3.0.3": {
      "integrity": "sha512-eTIzlVOSUR+JxdDFepEYcBMtZ9Qqdef+rnzWdRZuMbOywu5tO2w2N7rqjoANZ5k9vywhL6Br1VRjUIgTQx4E8w=="
    },
    "locate-character@3.0.0": {
      "integrity": "sha512-SW13ws7BjaeJ6p7Q6CO2nchbYEc3X3J6WrmTTDto7yMPqVSZTUyY5Tjbid+Ab8gLnATtygYtiDIJGQRRn2ZOiA=="
    },
    "magic-string@0.30.12": {
      "integrity": "sha512-Ea8I3sQMVXr8JhN4z+H/d8zwo+tYDgHE9+5G4Wnrwhs0gaK9fXTKx0Tw5Xwsd/bCPTTZNRAdpyzvoeORe9LYpw==",
      "dependencies": [
        "@jridgewell/sourcemap-codec"
      ]
    },
    "markdown-table@3.0.4": {
      "integrity": "sha512-wiYz4+JrLyb/DqW2hkFJxP7Vd7JuTDm77fvbM8VfEQdmSMqcImWeeRbHwZjBjIFki/VaMK2BhFi7oUUZeM5bqw=="
    },
    "minimist@1.2.8": {
      "integrity": "sha512-2yyAR8qBkN3YuheJanUpWC5U3bb5osDywNB8RzDVlDwDHbocAJveqqj1u8+SVD7jkWT4yvsHCpWqqWqAxb0zCA=="
    },
    "nanoid@3.3.7": {
      "integrity": "sha512-eSRppjcPIatRIMC1U6UngP8XFcz8MQWGQdt1MTBQ7NaAmvXDfvNxbvWV3x2y6CdEUciCSsDHDQZbhYaB8QEo2g=="
    },
    "orderedmap@2.1.1": {
      "integrity": "sha512-TvAWxi0nDe1j/rtMcWcIj94+Ffe6n7zhow33h40SKxmsmozs6dz/e+EajymfoFcHd7sxNn8yHM8839uixMOV6g=="
    },
    "picocolors@1.1.1": {
      "integrity": "sha512-xceH2snhtb5M9liqDsmEw56le376mTZkEX/jEb/RxNFyegNul7eNslCXP9FDj/Lcu0X8KEyMceP2ntpaHrDEVA=="
    },
    "picomatch@2.3.1": {
      "integrity": "sha512-JU3teHTNjmE2VCGFzuY8EXzCDVwEqB2a8fsIvwaStHhAWJEeVd1o1QD80CU6+ZdEXXSLbSsuLwJjkCBWqRQUVA=="
    },
    "postcss@8.4.47": {
      "integrity": "sha512-56rxCq7G/XfB4EkXq9Egn5GCqugWvDFjafDOThIdMBsI15iqPqR5r15TfSr1YPYeEI19YeaXMCbY6u88Y76GLQ==",
      "dependencies": [
        "nanoid",
        "picocolors",
        "source-map-js"
      ]
    },
    "prompts@2.4.2": {
      "integrity": "sha512-NxNv/kLguCA7p3jE8oL2aEBsrJWgAakBpgmgK6lpPWV+WuOmY6r2/zbAVnP+T8bQlA0nzHXSJSJW0Hq7ylaD2Q==",
      "dependencies": [
        "kleur",
        "sisteransi"
      ]
    },
    "prosemirror-commands@1.6.2": {
      "integrity": "sha512-0nDHH++qcf/BuPLYvmqZTUUsPJUCPBUXt0J1ErTcDIS369CTp773itzLGIgIXG4LJXOlwYCr44+Mh4ii6MP1QA==",
      "dependencies": [
        "prosemirror-model",
        "prosemirror-state",
        "prosemirror-transform"
      ]
    },
    "prosemirror-history@1.4.1": {
      "integrity": "sha512-2JZD8z2JviJrboD9cPuX/Sv/1ChFng+xh2tChQ2X4bB2HeK+rra/bmJ3xGntCcjhOqIzSDG6Id7e8RJ9QPXLEQ==",
      "dependencies": [
        "prosemirror-state",
        "prosemirror-transform",
        "prosemirror-view",
        "rope-sequence"
      ]
    },
    "prosemirror-keymap@1.2.2": {
      "integrity": "sha512-EAlXoksqC6Vbocqc0GtzCruZEzYgrn+iiGnNjsJsH4mrnIGex4qbLdWWNza3AW5W36ZRrlBID0eM6bdKH4OStQ==",
      "dependencies": [
        "prosemirror-state",
        "w3c-keyname"
      ]
    },
    "prosemirror-model@1.23.0": {
      "integrity": "sha512-Q/fgsgl/dlOAW9ILu4OOhYWQbc7TQd4BwKH/RwmUjyVf8682Be4zj3rOYdLnYEcGzyg8LL9Q5IWYKD8tdToreQ==",
      "dependencies": [
        "orderedmap"
      ]
    },
    "prosemirror-state@1.4.3": {
      "integrity": "sha512-goFKORVbvPuAQaXhpbemJFRKJ2aixr+AZMGiquiqKxaucC6hlpHNZHWgz5R7dS4roHiwq9vDctE//CZ++o0W1Q==",
      "dependencies": [
        "prosemirror-model",
        "prosemirror-transform",
        "prosemirror-view"
      ]
    },
    "prosemirror-transform@1.10.2": {
      "integrity": "sha512-2iUq0wv2iRoJO/zj5mv8uDUriOHWzXRnOTVgCzSXnktS/2iQRa3UUQwVlkBlYZFtygw6Nh1+X4mGqoYBINn5KQ==",
      "dependencies": [
        "prosemirror-model"
      ]
    },
    "prosemirror-view@1.35.0": {
      "integrity": "sha512-Umtbh22fmUlpZpRTiOVXA0PpdRZeYEeXQsLp51VfnMhjkJrqJ0n8APinIZrRAD5Jr3UxH8FnOaUqRylSuMsqHA==",
      "dependencies": [
        "prosemirror-model",
        "prosemirror-state",
        "prosemirror-transform"
      ]
    },
    "resolve.exports@2.0.2": {
      "integrity": "sha512-X2UW6Nw3n/aMgDVy+0rSqgHlv39WZAlZrXCdnbyEiKm17DSqHX4MmQMaST3FbeWR5FTuRcUwYAziZajji0Y7mg=="
    },
    "rolldown@0.14.0": {
      "integrity": "sha512-9mb66Rwe3iGFBxFGQLahhoPzL2655VyObBParkFZ8EoH4rAYF67D4oKEqQKri5Fl8pAgtgLBt1wDCS54cBgmnw==",
      "dependencies": [
        "@rolldown/binding-darwin-arm64",
        "@rolldown/binding-darwin-x64",
        "@rolldown/binding-freebsd-x64",
        "@rolldown/binding-linux-arm-gnueabihf",
        "@rolldown/binding-linux-arm64-gnu",
        "@rolldown/binding-linux-arm64-musl",
        "@rolldown/binding-linux-x64-gnu",
        "@rolldown/binding-linux-x64-musl",
        "@rolldown/binding-wasm32-wasi",
        "@rolldown/binding-win32-arm64-msvc",
        "@rolldown/binding-win32-ia32-msvc",
        "@rolldown/binding-win32-x64-msvc",
        "zod"
      ]
    },
    "rollup-plugin-svelte@7.2.2_rollup@4.24.0_svelte@5.1.9__acorn@8.14.0": {
      "integrity": "sha512-hgnIblTRewaBEVQD6N0Q43o+y6q1TmDRhBjaEzQCi50bs8TXqjc+d1zFZyE8tsfgcfNHZQzclh4RxlFUB85H8Q==",
      "dependencies": [
        "@rollup/pluginutils",
        "resolve.exports",
        "rollup",
        "svelte"
      ]
    },
    "rollup@4.24.0": {
      "integrity": "sha512-DOmrlGSXNk1DM0ljiQA+i+o0rSLhtii1je5wgk60j49d1jHT5YYttBv1iWOnYSTG+fZZESUOSNiAl89SIet+Cg==",
      "dependencies": [
        "@rollup/rollup-android-arm-eabi",
        "@rollup/rollup-android-arm64",
        "@rollup/rollup-darwin-arm64",
        "@rollup/rollup-darwin-x64",
        "@rollup/rollup-linux-arm-gnueabihf",
        "@rollup/rollup-linux-arm-musleabihf",
        "@rollup/rollup-linux-arm64-gnu",
        "@rollup/rollup-linux-arm64-musl",
        "@rollup/rollup-linux-powerpc64le-gnu",
        "@rollup/rollup-linux-riscv64-gnu",
        "@rollup/rollup-linux-s390x-gnu",
        "@rollup/rollup-linux-x64-gnu",
        "@rollup/rollup-linux-x64-musl",
        "@rollup/rollup-win32-arm64-msvc",
        "@rollup/rollup-win32-ia32-msvc",
        "@rollup/rollup-win32-x64-msvc",
        "@types/estree",
        "fsevents"
      ]
    },
    "rope-sequence@1.3.4": {
      "integrity": "sha512-UT5EDe2cu2E/6O4igUr5PSFs23nvvukicWHx6GnOPlHAiiYbzNuCRQCuiUdHJQcqKalLKlrYJnjY0ySGsXNQXQ=="
    },
    "sisteransi@1.0.5": {
      "integrity": "sha512-bLGGlR1QxBcynn2d5YmDX4MGjlZvy2MRBDRNHLJ8VI6l6+9FUiyTFNJ0IveOSP0bcXgVDPRcfGqA0pjaqUpfVg=="
    },
    "source-map-js@1.2.1": {
      "integrity": "sha512-UXWMKhLOwVKb728IUtQPXxfYU+usdybtUrK/8uGE8CQMvrhOpwvzDBwj0QhSL7MQc7vIsISBG8VQ8+IDQxpfQA=="
    },
    "svelte@5.1.9_acorn@8.14.0": {
      "integrity": "sha512-nzq+PPKGS2PoEWDjAcXSrKSbXmmmOAxd6dAz1IhRusUpVkFS6DMELWPyBPGwu6TpO/gsgtFXwX0M4+pAR5gzKw==",
      "dependencies": [
        "@ampproject/remapping",
        "@jridgewell/sourcemap-codec",
        "@types/estree",
        "acorn",
        "acorn-typescript",
        "aria-query",
        "axobject-query",
        "esm-env",
        "esrap",
        "is-reference",
        "locate-character",
        "magic-string",
        "zimmerframe"
      ]
    },
    "tinro@0.6.12": {
      "integrity": "sha512-YYLh0a21GXXpS66ilZbywfXcPTKQQ+bv3tihoqKqSFQP6/F11N7ZmtRbFWcyZXXPFRSzNxmPJBB8ZhP0GkoS0Q=="
    },
    "tinybase@5.3.5": {
      "integrity": "sha512-vpklSw23BF2ZbqohBaMYZQjvNl/i7adKLIHQZvrXERD1pJToKHEsFVpTF1JeFNh54eIzrD7PfQaDlyBrw/qsSg=="
    },
    "tslib@2.8.0": {
      "integrity": "sha512-jWVzBLplnCmoaTr13V9dYbiQ99wvZRd0vNWaDRg+aVYRcjDF3nDksxFDE/+fkXnKhpnUUkmx5pK/v8mCtLVqZA=="
    },
    "vite@5.4.10": {
      "integrity": "sha512-1hvaPshuPUtxeQ0hsVH3Mud0ZanOLwVTneA1EgbAM5LhaZEqyPWGRQ7BtaMvUrTDeEaC8pxtj6a6jku3x4z6SQ==",
      "dependencies": [
        "esbuild",
        "fsevents",
        "postcss",
        "rollup"
      ]
    },
    "w3c-keyname@2.2.8": {
      "integrity": "sha512-dpojBhNsCNN7T82Tm7k26A6G9ML3NkhDsnw9n/eoxSRlVBB4CEtIQ/KTCLI2Fwf3ataSXRhYFkQi3SlnFwPvPQ=="
    },
    "zimmerframe@1.1.2": {
      "integrity": "sha512-rAbqEGa8ovJy4pyBxZM70hg4pE6gDgaQ0Sl9M3enG3I0d6H4XSAM3GeNGLKnsBpuijUow064sf7ww1nutC5/3w=="
    },
    "zod@3.23.8": {
      "integrity": "sha512-XBx9AXhXktjUqnepgTiE5flcKIYWi/rme0Eaj+5Y0lftuGBq+jyRu/md4WnuxqgP1ubdpNCsYEYPxrzVHD8d6g=="
    }
  },
  "remote": {
    "https://bsb.openbible.io/index.json": "98c09ff86814b18f7f12b2d8498daafa620b179dc02b57462f8baa55ef6bebf3"
  },
  "workspace": {
    "dependencies": [
      "jsr:@openbible/bsb@0.1.38",
      "jsr:@openbible/core@~0.1.19",
      "npm:@deno/vite-plugin@1",
      "npm:filesize@^10.1.6",
      "npm:html5parser@^2.0.2",
      "npm:magic-string@~0.30.12",
      "npm:markdown-table@^3.0.4",
      "npm:prosemirror-commands@^1.6.2",
      "npm:prosemirror-history@^1.4.1",
      "npm:prosemirror-keymap@^1.2.2",
      "npm:prosemirror-model@^1.23.0",
      "npm:prosemirror-state@^1.4.3",
      "npm:prosemirror-view@^1.35.0",
      "npm:rolldown@0.14",
      "npm:rollup-plugin-svelte@^7.2.2",
      "npm:svelte@^5.1.9",
      "npm:tinro@~0.6.12",
      "npm:tinybase@^5.3.5"
    ]
  }
}
